
Microsoft Visual Studio Solution File, Format Version 12.00
# Visual Studio Version 17
VisualStudioVersion = 17.5.002.0
MinimumVisualStudioVersion = 10.0.40219.1
Project("{9A19103F-16F7-4668-BE54-9A1E7A4F7556}") = "console", "console.csproj", "{3D98F085-6ABC-4AFF-A737-1E1909A5E519}"
EndProject
Global
	GlobalSection(SolutionConfigurationPlatforms) = preSolution
		Debug|Any CPU = Debug|Any CPU
		Release|Any CPU = Release|Any CPU
	EndGlobalSection
	GlobalSection(ProjectConfigurationPlatforms) = postSolution
		{3D98F085-6ABC-4AFF-A737-1E1909A5E519}.Debug|Any CPU.ActiveCfg = Debug|Any CPU
		{3D98F085-6ABC-4AFF-A737-1E1909A5E519}.Debug|Any CPU.Build.0 = Debug|Any CPU
		{3D98F085-6ABC-4AFF-A737-1E1909A5E519}.Release|Any CPU.ActiveCfg = Release|Any CPU
		{3D98F085-6ABC-4AFF-A737-1E1909A5E519}.Release|Any CPU.Build.0 = Release|Any CPU
	EndGlobalSection
	GlobalSection(SolutionProperties) = preSolution
		HideSolutionNode = FALSE
	EndGlobalSection
	GlobalSection(ExtensibilityGlobals) = postSolution
		SolutionGuid = {6BA977E5-355C-4636-A0E8-D8D1E709869E}
	EndGlobalSection
EndGlobal
